
Microsoft Visual Studio Solution File, Format Version 12.00
# Visual Studio Version 16
VisualStudioVersion = 16.0.28922.388
MinimumVisualStudioVersion = 10.0.40219.1
Project("{FAE04EC0-301F-11D3-BF4B-00C04F79EFBC}") = "SheilaWard_FinancialPortal", "SheilaWard_FinancialPortal\SheilaWard_FinancialPortal.csproj", "{5F6D8755-7DA0-423A-B319-3FD5D36D1248}"
EndProject
Global
	GlobalSection(SolutionConfigurationPlatforms) = preSolution
		Debug|Any CPU = Debug|Any CPU
		Release|Any CPU = Release|Any CPU
	EndGlobalSection
	GlobalSection(ProjectConfigurationPlatforms) = postSolution
		{5F6D8755-7DA0-423A-B319-3FD5D36D1248}.Debug|Any CPU.ActiveCfg = Debug|Any CPU
		{5F6D8755-7DA0-423A-B319-3FD5D36D1248}.Debug|Any CPU.Build.0 = Debug|Any CPU
		{5F6D8755-7DA0-423A-B319-3FD5D36D1248}.Release|Any CPU.ActiveCfg = Release|Any CPU
		{5F6D8755-7DA0-423A-B319-3FD5D36D1248}.Release|Any CPU.Build.0 = Release|Any CPU
	EndGlobalSection
	GlobalSection(SolutionProperties) = preSolution
		HideSolutionNode = FALSE
	EndGlobalSection
	GlobalSection(ExtensibilityGlobals) = postSolution
		SolutionGuid = {647D636C-17C7-4617-AE9D-7D29B18383EB}
	EndGlobalSection
EndGlobal
